
Microsoft Visual Studio Solution File, Format Version 12.00
# Visual Studio Version 17
VisualStudioVersion = 17.1.32228.430
MinimumVisualStudioVersion = 10.0.40219.1
Project("{9A19103F-16F7-4668-BE54-9A1E7A4F7556}") = "ReverseString", "ReverseString\ReverseString.csproj", "{741C32C6-1CEA-4502-A0F9-6BF97563F40B}"
EndProject
Project("{FAE04EC0-301F-11D3-BF4B-00C04F79EFBC}") = "ReverseString.UnitTests", "ReverseString.UnitTests\ReverseString.UnitTests.csproj", "{6646E8E1-8549-4A31-BE95-5BFC4B457109}"
EndProject
Project("{FAE04EC0-301F-11D3-BF4B-00C04F79EFBC}") = "ReverseString.Benchmark", "ReverseString.Benchmark\ReverseString.Benchmark.csproj", "{3971A967-314B-473F-9585-52A791A83AA6}"
EndProject
Global
	GlobalSection(SolutionConfigurationPlatforms) = preSolution
		Debug|Any CPU = Debug|Any CPU
		Release|Any CPU = Release|Any CPU
	EndGlobalSection
	GlobalSection(ProjectConfigurationPlatforms) = postSolution
		{741C32C6-1CEA-4502-A0F9-6BF97563F40B}.Debug|Any CPU.ActiveCfg = Debug|Any CPU
		{741C32C6-1CEA-4502-A0F9-6BF97563F40B}.Debug|Any CPU.Build.0 = Debug|Any CPU
		{741C32C6-1CEA-4502-A0F9-6BF97563F40B}.Release|Any CPU.ActiveCfg = Release|Any CPU
		{741C32C6-1CEA-4502-A0F9-6BF97563F40B}.Release|Any CPU.Build.0 = Release|Any CPU
		{6646E8E1-8549-4A31-BE95-5BFC4B457109}.Debug|Any CPU.ActiveCfg = Debug|Any CPU
		{6646E8E1-8549-4A31-BE95-5BFC4B457109}.Debug|Any CPU.Build.0 = Debug|Any CPU
		{6646E8E1-8549-4A31-BE95-5BFC4B457109}.Release|Any CPU.ActiveCfg = Release|Any CPU
		{6646E8E1-8549-4A31-BE95-5BFC4B457109}.Release|Any CPU.Build.0 = Release|Any CPU
		{3971A967-314B-473F-9585-52A791A83AA6}.Debug|Any CPU.ActiveCfg = Debug|Any CPU
		{3971A967-314B-473F-9585-52A791A83AA6}.Debug|Any CPU.Build.0 = Debug|Any CPU
		{3971A967-314B-473F-9585-52A791A83AA6}.Release|Any CPU.ActiveCfg = Release|Any CPU
		{3971A967-314B-473F-9585-52A791A83AA6}.Release|Any CPU.Build.0 = Release|Any CPU
	EndGlobalSection
	GlobalSection(SolutionProperties) = preSolution
		HideSolutionNode = FALSE
	EndGlobalSection
	GlobalSection(ExtensibilityGlobals) = postSolution
		SolutionGuid = {718AEE22-8CBC-4D5D-B016-CF0C947BE1DD}
	EndGlobalSection
EndGlobal
